// !$*UTF8*$!
{
	archiveVersion = 1;
	classes = {
	};
	objectVersion = 50;
	objects = {

/* Begin PBXBuildFile section */
		AC17B2C323C94E2A00A53A94 /* BaseMockService.swift in Sources */ = {isa = PBXBuildFile; fileRef = AC17B2C223C94E2A00A53A94 /* BaseMockService.swift */; };
		AC17B2C523C94E4400A53A94 /* MockiTunesTrackService.swift in Sources */ = {isa = PBXBuildFile; fileRef = AC17B2C423C94E4400A53A94 /* MockiTunesTrackService.swift */; };
		AC17B2C723C94F3A00A53A94 /* mockRockTrackResponse.json in Resources */ = {isa = PBXBuildFile; fileRef = AC17B2C623C94F3A00A53A94 /* mockRockTrackResponse.json */; };
		AC17B2C823C94F3D00A53A94 /* mockRockTrackResponse.json in Resources */ = {isa = PBXBuildFile; fileRef = AC17B2C623C94F3A00A53A94 /* mockRockTrackResponse.json */; };
		AC17B2CB23C957D700A53A94 /* CurrencyFormatter.swift in Sources */ = {isa = PBXBuildFile; fileRef = AC17B2CA23C957D700A53A94 /* CurrencyFormatter.swift */; };
		AC3A761623C9955B001901FB /* TrackTableViewCell.swift in Sources */ = {isa = PBXBuildFile; fileRef = AC3A761523C9955B001901FB /* TrackTableViewCell.swift */; };
		ACA9496A23C9173700C7769B /* AppDelegate.swift in Sources */ = {isa = PBXBuildFile; fileRef = ACA9496923C9173700C7769B /* AppDelegate.swift */; };
		ACA9496E23C9173700C7769B /* TrackListViewController.swift in Sources */ = {isa = PBXBuildFile; fileRef = ACA9496D23C9173700C7769B /* TrackListViewController.swift */; };
		ACA9497123C9173700C7769B /* Main.storyboard in Resources */ = {isa = PBXBuildFile; fileRef = ACA9496F23C9173700C7769B /* Main.storyboard */; };
		ACA9497323C9173800C7769B /* Assets.xcassets in Resources */ = {isa = PBXBuildFile; fileRef = ACA9497223C9173800C7769B /* Assets.xcassets */; };
		ACA9497623C9173800C7769B /* LaunchScreen.storyboard in Resources */ = {isa = PBXBuildFile; fileRef = ACA9497423C9173800C7769B /* LaunchScreen.storyboard */; };
		ACA9498C23C91F9A00C7769B /* TrackDetailsViewController.swift in Sources */ = {isa = PBXBuildFile; fileRef = ACA9498B23C91F9A00C7769B /* TrackDetailsViewController.swift */; };
		ACA9498E23C921FF00C7769B /* TrackListSplitViewController.swift in Sources */ = {isa = PBXBuildFile; fileRef = ACA9498D23C921FF00C7769B /* TrackListSplitViewController.swift */; };
		ACA9499623C928BF00C7769B /* WebClient.swift in Sources */ = {isa = PBXBuildFile; fileRef = ACA9499523C928BF00C7769B /* WebClient.swift */; };
		ACA9499823C9297000C7769B /* WebClientProtocol.swift in Sources */ = {isa = PBXBuildFile; fileRef = ACA9499723C9297000C7769B /* WebClientProtocol.swift */; };
		ACA9499A23C92B4E00C7769B /* iTunesTrackService.swift in Sources */ = {isa = PBXBuildFile; fileRef = ACA9499923C92B4E00C7769B /* iTunesTrackService.swift */; };
		ACA9499D23C92B9400C7769B /* BaseService.swift in Sources */ = {isa = PBXBuildFile; fileRef = ACA9499C23C92B9400C7769B /* BaseService.swift */; };
		ACA949A423C92CBA00C7769B /* iTunesTrackServiceTests.swift in Sources */ = {isa = PBXBuildFile; fileRef = ACA949A323C92CBA00C7769B /* iTunesTrackServiceTests.swift */; };
		ACA949A623C92CF900C7769B /* TrackListResponse.swift in Sources */ = {isa = PBXBuildFile; fileRef = ACA949A523C92CF900C7769B /* TrackListResponse.swift */; };
		ACA949A823C92D7C00C7769B /* TrackServiceProtocol.swift in Sources */ = {isa = PBXBuildFile; fileRef = ACA949A723C92D7C00C7769B /* TrackServiceProtocol.swift */; };
		ACA949AA23C934CF00C7769B /* TrackTestCase.swift in Sources */ = {isa = PBXBuildFile; fileRef = ACA949A923C934CF00C7769B /* TrackTestCase.swift */; };
		ACA949AC23C940AD00C7769B /* TrackListViewModel.swift in Sources */ = {isa = PBXBuildFile; fileRef = ACA949AB23C940AD00C7769B /* TrackListViewModel.swift */; };
		ACA949B123C942AA00C7769B /* TrackListViewModelTests.swift in Sources */ = {isa = PBXBuildFile; fileRef = ACA949B023C942AA00C7769B /* TrackListViewModelTests.swift */; };
		ACBD5EA723CC0921003B05DA /* TrackCellViewModel.swift in Sources */ = {isa = PBXBuildFile; fileRef = ACBD5EA623CC0921003B05DA /* TrackCellViewModel.swift */; };
		ACBD5EAA23CC10F0003B05DA /* TrackDetailsViewModel.swift in Sources */ = {isa = PBXBuildFile; fileRef = ACBD5EA923CC10F0003B05DA /* TrackDetailsViewModel.swift */; };
		ACBD5EAC23CC205E003B05DA /* TrackDateFormatter.swift in Sources */ = {isa = PBXBuildFile; fileRef = ACBD5EAB23CC205E003B05DA /* TrackDateFormatter.swift */; };
/* End PBXBuildFile section */

/* Begin PBXContainerItemProxy section */
		ACA9497D23C9173800C7769B /* PBXContainerItemProxy */ = {
			isa = PBXContainerItemProxy;
			containerPortal = ACA9495E23C9173700C7769B /* Project object */;
			proxyType = 1;
			remoteGlobalIDString = ACA9496523C9173700C7769B;
			remoteInfo = "Rock-Tracks";
		};
/* End PBXContainerItemProxy section */

/* Begin PBXFileReference section */
		AC17B2C223C94E2A00A53A94 /* BaseMockService.swift */ = {isa = PBXFileReference; lastKnownFileType = sourcecode.swift; path = BaseMockService.swift; sourceTree = "<group>"; };
		AC17B2C423C94E4400A53A94 /* MockiTunesTrackService.swift */ = {isa = PBXFileReference; lastKnownFileType = sourcecode.swift; path = MockiTunesTrackService.swift; sourceTree = "<group>"; };
		AC17B2C623C94F3A00A53A94 /* mockRockTrackResponse.json */ = {isa = PBXFileReference; fileEncoding = 4; lastKnownFileType = text.json; path = mockRockTrackResponse.json; sourceTree = "<group>"; };
		AC17B2CA23C957D700A53A94 /* CurrencyFormatter.swift */ = {isa = PBXFileReference; lastKnownFileType = sourcecode.swift; path = CurrencyFormatter.swift; sourceTree = "<group>"; };
		AC3A761523C9955B001901FB /* TrackTableViewCell.swift */ = {isa = PBXFileReference; lastKnownFileType = sourcecode.swift; path = TrackTableViewCell.swift; sourceTree = "<group>"; };
		ACA9496623C9173700C7769B /* Rock Tracks.app */ = {isa = PBXFileReference; explicitFileType = wrapper.application; includeInIndex = 0; path = "Rock Tracks.app"; sourceTree = BUILT_PRODUCTS_DIR; };
		ACA9496923C9173700C7769B /* AppDelegate.swift */ = {isa = PBXFileReference; lastKnownFileType = sourcecode.swift; path = AppDelegate.swift; sourceTree = "<group>"; };
		ACA9496D23C9173700C7769B /* TrackListViewController.swift */ = {isa = PBXFileReference; lastKnownFileType = sourcecode.swift; path = TrackListViewController.swift; sourceTree = "<group>"; };
		ACA9497023C9173700C7769B /* Base */ = {isa = PBXFileReference; lastKnownFileType = file.storyboard; name = Base; path = Base.lproj/Main.storyboard; sourceTree = "<group>"; };
		ACA9497223C9173800C7769B /* Assets.xcassets */ = {isa = PBXFileReference; lastKnownFileType = folder.assetcatalog; path = Assets.xcassets; sourceTree = "<group>"; };
		ACA9497523C9173800C7769B /* Base */ = {isa = PBXFileReference; lastKnownFileType = file.storyboard; name = Base; path = Base.lproj/LaunchScreen.storyboard; sourceTree = "<group>"; };
		ACA9497723C9173800C7769B /* Info.plist */ = {isa = PBXFileReference; lastKnownFileType = text.plist.xml; path = Info.plist; sourceTree = "<group>"; };
		ACA9497C23C9173800C7769B /* Rock-TracksTests.xctest */ = {isa = PBXFileReference; explicitFileType = wrapper.cfbundle; includeInIndex = 0; path = "Rock-TracksTests.xctest"; sourceTree = BUILT_PRODUCTS_DIR; };
		ACA9498223C9173800C7769B /* Info.plist */ = {isa = PBXFileReference; lastKnownFileType = text.plist.xml; path = Info.plist; sourceTree = "<group>"; };
		ACA9498B23C91F9A00C7769B /* TrackDetailsViewController.swift */ = {isa = PBXFileReference; lastKnownFileType = sourcecode.swift; path = TrackDetailsViewController.swift; sourceTree = "<group>"; };
		ACA9498D23C921FF00C7769B /* TrackListSplitViewController.swift */ = {isa = PBXFileReference; lastKnownFileType = sourcecode.swift; path = TrackListSplitViewController.swift; sourceTree = "<group>"; };
		ACA9499523C928BF00C7769B /* WebClient.swift */ = {isa = PBXFileReference; lastKnownFileType = sourcecode.swift; path = WebClient.swift; sourceTree = "<group>"; };
		ACA9499723C9297000C7769B /* WebClientProtocol.swift */ = {isa = PBXFileReference; lastKnownFileType = sourcecode.swift; path = WebClientProtocol.swift; sourceTree = "<group>"; };
		ACA9499923C92B4E00C7769B /* iTunesTrackService.swift */ = {isa = PBXFileReference; lastKnownFileType = sourcecode.swift; path = iTunesTrackService.swift; sourceTree = "<group>"; };
		ACA9499C23C92B9400C7769B /* BaseService.swift */ = {isa = PBXFileReference; lastKnownFileType = sourcecode.swift; path = BaseService.swift; sourceTree = "<group>"; };
		ACA949A323C92CBA00C7769B /* iTunesTrackServiceTests.swift */ = {isa = PBXFileReference; lastKnownFileType = sourcecode.swift; path = iTunesTrackServiceTests.swift; sourceTree = "<group>"; };
		ACA949A523C92CF900C7769B /* TrackListResponse.swift */ = {isa = PBXFileReference; lastKnownFileType = sourcecode.swift; path = TrackListResponse.swift; sourceTree = "<group>"; };
		ACA949A723C92D7C00C7769B /* TrackServiceProtocol.swift */ = {isa = PBXFileReference; lastKnownFileType = sourcecode.swift; path = TrackServiceProtocol.swift; sourceTree = "<group>"; };
		ACA949A923C934CF00C7769B /* TrackTestCase.swift */ = {isa = PBXFileReference; lastKnownFileType = sourcecode.swift; path = TrackTestCase.swift; sourceTree = "<group>"; };
		ACA949AB23C940AD00C7769B /* TrackListViewModel.swift */ = {isa = PBXFileReference; lastKnownFileType = sourcecode.swift; path = TrackListViewModel.swift; sourceTree = "<group>"; };
		ACA949B023C942AA00C7769B /* TrackListViewModelTests.swift */ = {isa = PBXFileReference; lastKnownFileType = sourcecode.swift; path = TrackListViewModelTests.swift; sourceTree = "<group>"; };
		ACBD5EA623CC0921003B05DA /* TrackCellViewModel.swift */ = {isa = PBXFileReference; lastKnownFileType = sourcecode.swift; path = TrackCellViewModel.swift; sourceTree = "<group>"; };
		ACBD5EA923CC10F0003B05DA /* TrackDetailsViewModel.swift */ = {isa = PBXFileReference; lastKnownFileType = sourcecode.swift; name = TrackDetailsViewModel.swift; path = "Rock-Tracks/Tracks/ViewModel/TrackDetailsViewModel.swift"; sourceTree = SOURCE_ROOT; };
		ACBD5EAB23CC205E003B05DA /* TrackDateFormatter.swift */ = {isa = PBXFileReference; lastKnownFileType = sourcecode.swift; path = TrackDateFormatter.swift; sourceTree = "<group>"; };
/* End PBXFileReference section */

/* Begin PBXFrameworksBuildPhase section */
		ACA9496323C9173700C7769B /* Frameworks */ = {
			isa = PBXFrameworksBuildPhase;
			buildActionMask = 2147483647;
			files = (
			);
			runOnlyForDeploymentPostprocessing = 0;
		};
		ACA9497923C9173800C7769B /* Frameworks */ = {
			isa = PBXFrameworksBuildPhase;
			buildActionMask = 2147483647;
			files = (
			);
			runOnlyForDeploymentPostprocessing = 0;
		};
/* End PBXFrameworksBuildPhase section */

/* Begin PBXGroup section */
		AC17B2C923C957C800A53A94 /* Common */ = {
			isa = PBXGroup;
			children = (
				AC17B2CA23C957D700A53A94 /* CurrencyFormatter.swift */,
				ACBD5EAB23CC205E003B05DA /* TrackDateFormatter.swift */,
			);
			path = Common;
			sourceTree = "<group>";
		};
		AC3A761423C9954C001901FB /* Cells */ = {
			isa = PBXGroup;
			children = (
				AC3A761523C9955B001901FB /* TrackTableViewCell.swift */,
			);
			path = Cells;
			sourceTree = "<group>";
		};
		ACA9495D23C9173700C7769B = {
			isa = PBXGroup;
			children = (
				ACA9496823C9173700C7769B /* Rock-Tracks */,
				ACA9497F23C9173800C7769B /* Rock-TracksTests */,
				ACA9496723C9173700C7769B /* Products */,
			);
			sourceTree = "<group>";
		};
		ACA9496723C9173700C7769B /* Products */ = {
			isa = PBXGroup;
			children = (
				ACA9496623C9173700C7769B /* Rock Tracks.app */,
				ACA9497C23C9173800C7769B /* Rock-TracksTests.xctest */,
			);
			name = Products;
			sourceTree = "<group>";
		};
		ACA9496823C9173700C7769B /* Rock-Tracks */ = {
			isa = PBXGroup;
			children = (
				AC17B2C923C957C800A53A94 /* Common */,
				ACA9499123C927BD00C7769B /* API */,
				ACA9498F23C924C100C7769B /* Tracks */,
				ACA9496923C9173700C7769B /* AppDelegate.swift */,
				ACA9496F23C9173700C7769B /* Main.storyboard */,
				ACA9497223C9173800C7769B /* Assets.xcassets */,
				AC17B2C623C94F3A00A53A94 /* mockRockTrackResponse.json */,
				ACA9497423C9173800C7769B /* LaunchScreen.storyboard */,
				ACA9497723C9173800C7769B /* Info.plist */,
			);
			path = "Rock-Tracks";
			sourceTree = "<group>";
		};
		ACA9497F23C9173800C7769B /* Rock-TracksTests */ = {
			isa = PBXGroup;
			children = (
				ACA949AE23C9429300C7769B /* Tracks */,
				ACA9499F23C92C7E00C7769B /* Services */,
				ACA9498223C9173800C7769B /* Info.plist */,
				ACA949A923C934CF00C7769B /* TrackTestCase.swift */,
			);
			path = "Rock-TracksTests";
			sourceTree = "<group>";
		};
		ACA9498F23C924C100C7769B /* Tracks */ = {
			isa = PBXGroup;
			children = (
				ACA9498D23C921FF00C7769B /* TrackListSplitViewController.swift */,
				ACA949AD23C940B200C7769B /* ViewModel */,
				ACA9499023C924D200C7769B /* View */,
			);
			path = Tracks;
			sourceTree = "<group>";
		};
		ACA9499023C924D200C7769B /* View */ = {
			isa = PBXGroup;
			children = (
				AC3A761423C9954C001901FB /* Cells */,
				ACA9496D23C9173700C7769B /* TrackListViewController.swift */,
				ACA9498B23C91F9A00C7769B /* TrackDetailsViewController.swift */,
			);
			path = View;
			sourceTree = "<group>";
		};
		ACA9499123C927BD00C7769B /* API */ = {
			isa = PBXGroup;
			children = (
				ACA9499B23C92B8500C7769B /* Services */,
				ACA9499223C927CB00C7769B /* Network */,
			);
			path = API;
			sourceTree = "<group>";
		};
		ACA9499223C927CB00C7769B /* Network */ = {
			isa = PBXGroup;
			children = (
				ACA9499523C928BF00C7769B /* WebClient.swift */,
				ACA9499723C9297000C7769B /* WebClientProtocol.swift */,
			);
			path = Network;
			sourceTree = "<group>";
		};
		ACA9499B23C92B8500C7769B /* Services */ = {
			isa = PBXGroup;
			children = (
				ACA9499E23C92C4500C7769B /* TrackService */,
				ACA9499C23C92B9400C7769B /* BaseService.swift */,
			);
			path = Services;
			sourceTree = "<group>";
		};
		ACA9499E23C92C4500C7769B /* TrackService */ = {
			isa = PBXGroup;
			children = (
				ACA9499923C92B4E00C7769B /* iTunesTrackService.swift */,
				ACA949A523C92CF900C7769B /* TrackListResponse.swift */,
				ACA949A723C92D7C00C7769B /* TrackServiceProtocol.swift */,
			);
			path = TrackService;
			sourceTree = "<group>";
		};
		ACA9499F23C92C7E00C7769B /* Services */ = {
			isa = PBXGroup;
			children = (
				ACA949A023C92C8D00C7769B /* TrackService */,
				AC17B2C223C94E2A00A53A94 /* BaseMockService.swift */,
			);
			path = Services;
			sourceTree = "<group>";
		};
		ACA949A023C92C8D00C7769B /* TrackService */ = {
			isa = PBXGroup;
			children = (
				ACA949A323C92CBA00C7769B /* iTunesTrackServiceTests.swift */,
				AC17B2C423C94E4400A53A94 /* MockiTunesTrackService.swift */,
			);
			path = TrackService;
			sourceTree = "<group>";
		};
		ACA949AD23C940B200C7769B /* ViewModel */ = {
			isa = PBXGroup;
			children = (
				ACBD5EA823CC10C0003B05DA /* Cell */,
				ACBD5EA923CC10F0003B05DA /* TrackDetailsViewModel.swift */,
				ACA949AB23C940AD00C7769B /* TrackListViewModel.swift */,
			);
			path = ViewModel;
			sourceTree = "<group>";
		};
		ACA949AE23C9429300C7769B /* Tracks */ = {
			isa = PBXGroup;
			children = (
				ACA949AF23C9429800C7769B /* ViewModel */,
			);
			path = Tracks;
			sourceTree = "<group>";
		};
		ACA949AF23C9429800C7769B /* ViewModel */ = {
			isa = PBXGroup;
			children = (
				ACA949B023C942AA00C7769B /* TrackListViewModelTests.swift */,
			);
			path = ViewModel;
			sourceTree = "<group>";
		};
		ACBD5EA823CC10C0003B05DA /* Cell */ = {
			isa = PBXGroup;
			children = (
				ACBD5EA623CC0921003B05DA /* TrackCellViewModel.swift */,
			);
			path = Cell;
			sourceTree = "<group>";
		};
/* End PBXGroup section */

/* Begin PBXNativeTarget section */
		ACA9496523C9173700C7769B /* Rock-Tracks */ = {
			isa = PBXNativeTarget;
			buildConfigurationList = ACA9498523C9173800C7769B /* Build configuration list for PBXNativeTarget "Rock-Tracks" */;
			buildPhases = (
				ACA9496223C9173700C7769B /* Sources */,
				ACA9496323C9173700C7769B /* Frameworks */,
				ACA9496423C9173700C7769B /* Resources */,
			);
			buildRules = (
			);
			dependencies = (
			);
			name = "Rock-Tracks";
			productName = "Rock-Tracks";
			productReference = ACA9496623C9173700C7769B /* Rock Tracks.app */;
			productType = "com.apple.product-type.application";
		};
		ACA9497B23C9173800C7769B /* Rock-TracksTests */ = {
			isa = PBXNativeTarget;
			buildConfigurationList = ACA9498823C9173800C7769B /* Build configuration list for PBXNativeTarget "Rock-TracksTests" */;
			buildPhases = (
				ACA9497823C9173800C7769B /* Sources */,
				ACA9497923C9173800C7769B /* Frameworks */,
				ACA9497A23C9173800C7769B /* Resources */,
			);
			buildRules = (
			);
			dependencies = (
				ACA9497E23C9173800C7769B /* PBXTargetDependency */,
			);
			name = "Rock-TracksTests";
			productName = "Rock-TracksTests";
			productReference = ACA9497C23C9173800C7769B /* Rock-TracksTests.xctest */;
			productType = "com.apple.product-type.bundle.unit-test";
		};
/* End PBXNativeTarget section */

/* Begin PBXProject section */
		ACA9495E23C9173700C7769B /* Project object */ = {
			isa = PBXProject;
			attributes = {
				LastSwiftUpdateCheck = 1120;
				LastUpgradeCheck = 1120;
				ORGANIZATIONNAME = Rufus;
				TargetAttributes = {
					ACA9496523C9173700C7769B = {
						CreatedOnToolsVersion = 11.2.1;
					};
					ACA9497B23C9173800C7769B = {
						CreatedOnToolsVersion = 11.2.1;
						TestTargetID = ACA9496523C9173700C7769B;
					};
				};
			};
			buildConfigurationList = ACA9496123C9173700C7769B /* Build configuration list for PBXProject "Rock-Tracks" */;
			compatibilityVersion = "Xcode 9.3";
			developmentRegion = en;
			hasScannedForEncodings = 0;
			knownRegions = (
				en,
				Base,
			);
			mainGroup = ACA9495D23C9173700C7769B;
			productRefGroup = ACA9496723C9173700C7769B /* Products */;
			projectDirPath = "";
			projectRoot = "";
			targets = (
				ACA9496523C9173700C7769B /* Rock-Tracks */,
				ACA9497B23C9173800C7769B /* Rock-TracksTests */,
			);
		};
/* End PBXProject section */

/* Begin PBXResourcesBuildPhase section */
		ACA9496423C9173700C7769B /* Resources */ = {
			isa = PBXResourcesBuildPhase;
			buildActionMask = 2147483647;
			files = (
				ACA9497623C9173800C7769B /* LaunchScreen.storyboard in Resources */,
				ACA9497323C9173800C7769B /* Assets.xcassets in Resources */,
				ACA9497123C9173700C7769B /* Main.storyboard in Resources */,
				AC17B2C723C94F3A00A53A94 /* mockRockTrackResponse.json in Resources */,
			);
			runOnlyForDeploymentPostprocessing = 0;
		};
		ACA9497A23C9173800C7769B /* Resources */ = {
			isa = PBXResourcesBuildPhase;
			buildActionMask = 2147483647;
			files = (
				AC17B2C823C94F3D00A53A94 /* mockRockTrackResponse.json in Resources */,
			);
			runOnlyForDeploymentPostprocessing = 0;
		};
/* End PBXResourcesBuildPhase section */

/* Begin PBXSourcesBuildPhase section */
		ACA9496223C9173700C7769B /* Sources */ = {
			isa = PBXSourcesBuildPhase;
			buildActionMask = 2147483647;
			files = (
				ACA9499D23C92B9400C7769B /* BaseService.swift in Sources */,
				AC17B2CB23C957D700A53A94 /* CurrencyFormatter.swift in Sources */,
				ACBD5EA723CC0921003B05DA /* TrackCellViewModel.swift in Sources */,
				ACA9496E23C9173700C7769B /* TrackListViewController.swift in Sources */,
				ACA9498E23C921FF00C7769B /* TrackListSplitViewController.swift in Sources */,
				ACA9498C23C91F9A00C7769B /* TrackDetailsViewController.swift in Sources */,
				ACBD5EAA23CC10F0003B05DA /* TrackDetailsViewModel.swift in Sources */,
				AC3A761623C9955B001901FB /* TrackTableViewCell.swift in Sources */,
				ACA9499A23C92B4E00C7769B /* iTunesTrackService.swift in Sources */,
				ACA949A623C92CF900C7769B /* TrackListResponse.swift in Sources */,
				ACBD5EAC23CC205E003B05DA /* TrackDateFormatter.swift in Sources */,
				ACA9499823C9297000C7769B /* WebClientProtocol.swift in Sources */,
				ACA9499623C928BF00C7769B /* WebClient.swift in Sources */,
				ACA949AC23C940AD00C7769B /* TrackListViewModel.swift in Sources */,
				ACA9496A23C9173700C7769B /* AppDelegate.swift in Sources */,
				ACA949A823C92D7C00C7769B /* TrackServiceProtocol.swift in Sources */,
			);
			runOnlyForDeploymentPostprocessing = 0;
		};
		ACA9497823C9173800C7769B /* Sources */ = {
			isa = PBXSourcesBuildPhase;
			buildActionMask = 2147483647;
			files = (
				ACA949A423C92CBA00C7769B /* iTunesTrackServiceTests.swift in Sources */,
				ACA949B123C942AA00C7769B /* TrackListViewModelTests.swift in Sources */,
				AC17B2C323C94E2A00A53A94 /* BaseMockService.swift in Sources */,
				ACA949AA23C934CF00C7769B /* TrackTestCase.swift in Sources */,
				AC17B2C523C94E4400A53A94 /* MockiTunesTrackService.swift in Sources */,
			);
			runOnlyForDeploymentPostprocessing = 0;
		};
/* End PBXSourcesBuildPhase section */

/* Begin PBXTargetDependency section */
		ACA9497E23C9173800C7769B /* PBXTargetDependency */ = {
			isa = PBXTargetDependency;
			target = ACA9496523C9173700C7769B /* Rock-Tracks */;
			targetProxy = ACA9497D23C9173800C7769B /* PBXContainerItemProxy */;
		};
/* End PBXTargetDependency section */

/* Begin PBXVariantGroup section */
		ACA9496F23C9173700C7769B /* Main.storyboard */ = {
			isa = PBXVariantGroup;
			children = (
				ACA9497023C9173700C7769B /* Base */,
			);
			name = Main.storyboard;
			sourceTree = "<group>";
		};
		ACA9497423C9173800C7769B /* LaunchScreen.storyboard */ = {
			isa = PBXVariantGroup;
			children = (
				ACA9497523C9173800C7769B /* Base */,
			);
			name = LaunchScreen.storyboard;
			sourceTree = "<group>";
		};
/* End PBXVariantGroup section */

/* Begin XCBuildConfiguration section */
		ACA9498323C9173800C7769B /* Debug */ = {
			isa = XCBuildConfiguration;
			buildSettings = {
				ALWAYS_SEARCH_USER_PATHS = NO;
				CLANG_ANALYZER_NONNULL = YES;
				CLANG_ANALYZER_NUMBER_OBJECT_CONVERSION = YES_AGGRESSIVE;
				CLANG_CXX_LANGUAGE_STANDARD = "gnu++14";
				CLANG_CXX_LIBRARY = "libc++";
				CLANG_ENABLE_MODULES = YES;
				CLANG_ENABLE_OBJC_ARC = YES;
				CLANG_ENABLE_OBJC_WEAK = YES;
				CLANG_WARN_BLOCK_CAPTURE_AUTORELEASING = YES;
				CLANG_WARN_BOOL_CONVERSION = YES;
				CLANG_WARN_COMMA = YES;
				CLANG_WARN_CONSTANT_CONVERSION = YES;
				CLANG_WARN_DEPRECATED_OBJC_IMPLEMENTATIONS = YES;
				CLANG_WARN_DIRECT_OBJC_ISA_USAGE = YES_ERROR;
				CLANG_WARN_DOCUMENTATION_COMMENTS = YES;
				CLANG_WARN_EMPTY_BODY = YES;
				CLANG_WARN_ENUM_CONVERSION = YES;
				CLANG_WARN_INFINITE_RECURSION = YES;
				CLANG_WARN_INT_CONVERSION = YES;
				CLANG_WARN_NON_LITERAL_NULL_CONVERSION = YES;
				CLANG_WARN_OBJC_IMPLICIT_RETAIN_SELF = YES;
				CLANG_WARN_OBJC_LITERAL_CONVERSION = YES;
				CLANG_WARN_OBJC_ROOT_CLASS = YES_ERROR;
				CLANG_WARN_RANGE_LOOP_ANALYSIS = YES;
				CLANG_WARN_STRICT_PROTOTYPES = YES;
				CLANG_WARN_SUSPICIOUS_MOVE = YES;
				CLANG_WARN_UNGUARDED_AVAILABILITY = YES_AGGRESSIVE;
				CLANG_WARN_UNREACHABLE_CODE = YES;
				CLANG_WARN__DUPLICATE_METHOD_MATCH = YES;
				COPY_PHASE_STRIP = NO;
				DEBUG_INFORMATION_FORMAT = dwarf;
				ENABLE_STRICT_OBJC_MSGSEND = YES;
				ENABLE_TESTABILITY = YES;
				GCC_C_LANGUAGE_STANDARD = gnu11;
				GCC_DYNAMIC_NO_PIC = NO;
				GCC_NO_COMMON_BLOCKS = YES;
				GCC_OPTIMIZATION_LEVEL = 0;
				GCC_PREPROCESSOR_DEFINITIONS = (
					"DEBUG=1",
					"$(inherited)",
				);
				GCC_WARN_64_TO_32_BIT_CONVERSION = YES;
				GCC_WARN_ABOUT_RETURN_TYPE = YES_ERROR;
				GCC_WARN_UNDECLARED_SELECTOR = YES;
				GCC_WARN_UNINITIALIZED_AUTOS = YES_AGGRESSIVE;
				GCC_WARN_UNUSED_FUNCTION = YES;
				GCC_WARN_UNUSED_VARIABLE = YES;
				IPHONEOS_DEPLOYMENT_TARGET = 9.3;
				MTL_ENABLE_DEBUG_INFO = INCLUDE_SOURCE;
				MTL_FAST_MATH = YES;
				ONLY_ACTIVE_ARCH = YES;
				SDKROOT = iphoneos;
				SWIFT_ACTIVE_COMPILATION_CONDITIONS = DEBUG;
				SWIFT_OPTIMIZATION_LEVEL = "-Onone";
			};
			name = Debug;
		};
		ACA9498423C9173800C7769B /* Release */ = {
			isa = XCBuildConfiguration;
			buildSettings = {
				ALWAYS_SEARCH_USER_PATHS = NO;
				CLANG_ANALYZER_NONNULL = YES;
				CLANG_ANALYZER_NUMBER_OBJECT_CONVERSION = YES_AGGRESSIVE;
				CLANG_CXX_LANGUAGE_STANDARD = "gnu++14";
				CLANG_CXX_LIBRARY = "libc++";
				CLANG_ENABLE_MODULES = YES;
				CLANG_ENABLE_OBJC_ARC = YES;
				CLANG_ENABLE_OBJC_WEAK = YES;
				CLANG_WARN_BLOCK_CAPTURE_AUTORELEASING = YES;
				CLANG_WARN_BOOL_CONVERSION = YES;
				CLANG_WARN_COMMA = YES;
				CLANG_WARN_CONSTANT_CONVERSION = YES;
				CLANG_WARN_DEPRECATED_OBJC_IMPLEMENTATIONS = YES;
				CLANG_WARN_DIRECT_OBJC_ISA_USAGE = YES_ERROR;
				CLANG_WARN_DOCUMENTATION_COMMENTS = YES;
				CLANG_WARN_EMPTY_BODY = YES;
				CLANG_WARN_ENUM_CONVERSION = YES;
				CLANG_WARN_INFINITE_RECURSION = YES;
				CLANG_WARN_INT_CONVERSION = YES;
				CLANG_WARN_NON_LITERAL_NULL_CONVERSION = YES;
				CLANG_WARN_OBJC_IMPLICIT_RETAIN_SELF = YES;
				CLANG_WARN_OBJC_LITERAL_CONVERSION = YES;
				CLANG_WARN_OBJC_ROOT_CLASS = YES_ERROR;
				CLANG_WARN_RANGE_LOOP_ANALYSIS = YES;
				CLANG_WARN_STRICT_PROTOTYPES = YES;
				CLANG_WARN_SUSPICIOUS_MOVE = YES;
				CLANG_WARN_UNGUARDED_AVAILABILITY = YES_AGGRESSIVE;
				CLANG_WARN_UNREACHABLE_CODE = YES;
				CLANG_WARN__DUPLICATE_METHOD_MATCH = YES;
				COPY_PHASE_STRIP = NO;
				DEBUG_INFORMATION_FORMAT = "dwarf-with-dsym";
				ENABLE_NS_ASSERTIONS = NO;
				ENABLE_STRICT_OBJC_MSGSEND = YES;
				GCC_C_LANGUAGE_STANDARD = gnu11;
				GCC_NO_COMMON_BLOCKS = YES;
				GCC_WARN_64_TO_32_BIT_CONVERSION = YES;
				GCC_WARN_ABOUT_RETURN_TYPE = YES_ERROR;
				GCC_WARN_UNDECLARED_SELECTOR = YES;
				GCC_WARN_UNINITIALIZED_AUTOS = YES_AGGRESSIVE;
				GCC_WARN_UNUSED_FUNCTION = YES;
				GCC_WARN_UNUSED_VARIABLE = YES;
				IPHONEOS_DEPLOYMENT_TARGET = 9.3;
				MTL_ENABLE_DEBUG_INFO = NO;
				MTL_FAST_MATH = YES;
				SDKROOT = iphoneos;
				SWIFT_COMPILATION_MODE = wholemodule;
				SWIFT_OPTIMIZATION_LEVEL = "-O";
				VALIDATE_PRODUCT = YES;
			};
			name = Release;
		};
		ACA9498623C9173800C7769B /* Debug */ = {
			isa = XCBuildConfiguration;
			buildSettings = {
				ASSETCATALOG_COMPILER_APPICON_NAME = AppIcon;
				CODE_SIGN_STYLE = Automatic;
				DEVELOPMENT_TEAM = MQ4Z795YVF;
				INFOPLIST_FILE = "Rock-Tracks/Info.plist";
				IPHONEOS_DEPLOYMENT_TARGET = 9.3;
				LD_RUNPATH_SEARCH_PATHS = (
					"$(inherited)",
					"@executable_path/Frameworks",
				);
				PRODUCT_BUNDLE_IDENTIFIER = "rufus.programmer.Rock-Tracks";
				PRODUCT_NAME = "Rock Tracks";
				SWIFT_VERSION = 5.0;
				TARGETED_DEVICE_FAMILY = "1,2";
			};
			name = Debug;
		};
		ACA9498723C9173800C7769B /* Release */ = {
			isa = XCBuildConfiguration;
			buildSettings = {
				ASSETCATALOG_COMPILER_APPICON_NAME = AppIcon;
				CODE_SIGN_STYLE = Automatic;
				DEVELOPMENT_TEAM = MQ4Z795YVF;
				INFOPLIST_FILE = "Rock-Tracks/Info.plist";
				IPHONEOS_DEPLOYMENT_TARGET = 9.3;
				LD_RUNPATH_SEARCH_PATHS = (
					"$(inherited)",
					"@executable_path/Frameworks",
				);
				PRODUCT_BUNDLE_IDENTIFIER = "rufus.programmer.Rock-Tracks";
				PRODUCT_NAME = "Rock Tracks";
				SWIFT_VERSION = 5.0;
				TARGETED_DEVICE_FAMILY = "1,2";
			};
			name = Release;
		};
		ACA9498923C9173800C7769B /* Debug */ = {
			isa = XCBuildConfiguration;
			buildSettings = {
				ALWAYS_EMBED_SWIFT_STANDARD_LIBRARIES = YES;
				BUNDLE_LOADER = "$(TEST_HOST)";
				CODE_SIGN_STYLE = Automatic;
				DEVELOPMENT_TEAM = MQ4Z795YVF;
				INFOPLIST_FILE = "Rock-TracksTests/Info.plist";
				IPHONEOS_DEPLOYMENT_TARGET = 13.2;
				LD_RUNPATH_SEARCH_PATHS = (
					"$(inherited)",
					"@executable_path/Frameworks",
					"@loader_path/Frameworks",
				);
				PRODUCT_BUNDLE_IDENTIFIER = "rufus.programmer.Rock-TracksTests";
				PRODUCT_NAME = "$(TARGET_NAME)";
				SWIFT_VERSION = 5.0;
				TARGETED_DEVICE_FAMILY = "1,2";
				TEST_HOST = "$(BUILT_PRODUCTS_DIR)/Rock Tracks.app/Rock Tracks";
			};
			name = Debug;
		};
		ACA9498A23C9173800C7769B /* Release */ = {
			isa = XCBuildConfiguration;
			buildSettings = {
				ALWAYS_EMBED_SWIFT_STANDARD_LIBRARIES = YES;
				BUNDLE_LOADER = "$(TEST_HOST)";
				CODE_SIGN_STYLE = Automatic;
				DEVELOPMENT_TEAM = MQ4Z795YVF;
				INFOPLIST_FILE = "Rock-TracksTests/Info.plist";
				IPHONEOS_DEPLOYMENT_TARGET = 13.2;
				LD_RUNPATH_SEARCH_PATHS = (
					"$(inherited)",
					"@executable_path/Frameworks",
					"@loader_path/Frameworks",
				);
				PRODUCT_BUNDLE_IDENTIFIER = "rufus.programmer.Rock-TracksTests";
				PRODUCT_NAME = "$(TARGET_NAME)";
				SWIFT_VERSION = 5.0;
				TARGETED_DEVICE_FAMILY = "1,2";
				TEST_HOST = "$(BUILT_PRODUCTS_DIR)/Rock Tracks.app/Rock Tracks";
			};
			name = Release;
		};
/* End XCBuildConfiguration section */

/* Begin XCConfigurationList section */
		ACA9496123C9173700C7769B /* Build configuration list for PBXProject "Rock-Tracks" */ = {
			isa = XCConfigurationList;
			buildConfigurations = (
				ACA9498323C9173800C7769B /* Debug */,
				ACA9498423C9173800C7769B /* Release */,
			);
			defaultConfigurationIsVisible = 0;
			defaultConfigurationName = Release;
		};
		ACA9498523C9173800C7769B /* Build configuration list for PBXNativeTarget "Rock-Tracks" */ = {
			isa = XCConfigurationList;
			buildConfigurations = (
				ACA9498623C9173800C7769B /* Debug */,
				ACA9498723C9173800C7769B /* Release */,
			);
			defaultConfigurationIsVisible = 0;
			defaultConfigurationName = Release;
		};
		ACA9498823C9173800C7769B /* Build configuration list for PBXNativeTarget "Rock-TracksTests" */ = {
			isa = XCConfigurationList;
			buildConfigurations = (
				ACA9498923C9173800C7769B /* Debug */,
				ACA9498A23C9173800C7769B /* Release */,
			);
			defaultConfigurationIsVisible = 0;
			defaultConfigurationName = Release;
		};
/* End XCConfigurationList section */
	};
	rootObject = ACA9495E23C9173700C7769B /* Project object */;
}
